<?xml version="1.0" encoding="utf-8"?>
<Project ToolsVersion="4.0" xmlns="http://schemas.microsoft.com/developer/msbuild/2003">
  <ItemGroup>
    <Filter Include="Source Files">
      <UniqueIdentifier>{4FC737F1-C7A5-4376-A066-2A32D752A2FF}</UniqueIdentifier>
      <Extensions>cpp;c;cc;cxx;c++;cppm;ixx;def;odl;idl;hpj;bat;asm;asmx</Extensions>
    </Filter>
    <Filter Include="Header Files">
      <UniqueIdentifier>{93995380-89BD-4b04-88EB-625FBE52EBFB}</UniqueIdentifier>
      <Extensions>h;hh;hpp;hxx;h++;hm;inl;inc;ipp;xsd</Extensions>
    </Filter>
    <Filter Include="Resource Files">
      <UniqueIdentifier>{67DA6AB6-F800-4c08-8B7A-83BB121AAD01}</UniqueIdentifier>
      <Extensions>rc;ico;cur;bmp;dlg;rc2;rct;bin;rgs;gif;jpg;jpeg;jpe;resx;tiff;tif;png;wav;mfcribbon-ms</Extensions>
    </Filter>
    <Filter Include="Resource Files\shaders">
      <UniqueIdentifier>{a867781f-1fbc-447e-9e46-ece3741cf5f3}</UniqueIdentifier>
    </Filter>
    <Filter Include="Resource Files\textures">
      <UniqueIdentifier>{b915739e-4038-4eb3-9b5e-a6ed283c0d4a}</UniqueIdentifier>
    </Filter>
    <Filter Include="Source Files\graphics">
      <UniqueIdentifier>{589f69dd-c409-4d50-bb27-2036a2ba0ff4}</UniqueIdentifier>
    </Filter>
    <Filter Include="Source Files\graphics\rendering">
      <UniqueIdentifier>{c18aedb5-3c09-471d-84ad-420e62c4fc70}</UniqueIdentifier>
    </Filter>
    <Filter Include="Source Files\graphics\rendering\GL">
      <UniqueIdentifier>{79807e01-94dd-4107-9ac7-105f874f197b}</UniqueIdentifier>
    </Filter>
    <Filter Include="Source Files\graphics\rendering\object">
      <UniqueIdentifier>{64076e5d-d764-4a5e-ac79-944cae0a5322}</UniqueIdentifier>
    </Filter>
    <Filter Include="Source Files\graphics\rendering\scene">
      <UniqueIdentifier>{fbe28696-5ddd-40a5-92c7-a6b2a5fe5ed5}</UniqueIdentifier>
    </Filter>
    <Filter Include="Source Files\graphics\rendering\shader">
      <UniqueIdentifier>{72e2596e-8e0c-4a78-88c5-987980debd30}</UniqueIdentifier>
    </Filter>
    <Filter Include="Source Files\graphics\recording">
      <UniqueIdentifier>{8b8f6290-f371-4f58-9e37-4f6c849a27fc}</UniqueIdentifier>
    </Filter>
    <Filter Include="Source Files\physics">
      <UniqueIdentifier>{769a00bd-94aa-4c31-8cc1-45bdedc69a45}</UniqueIdentifier>
    </Filter>
    <Filter Include="Source Files\graphics\animation">
      <UniqueIdentifier>{88be7988-b2f4-441f-bfdc-8971c5541176}</UniqueIdentifier>
    </Filter>
    <Filter Include="Source Files\dsl">
      <UniqueIdentifier>{b048265d-7677-4c18-9a76-6df11265863e}</UniqueIdentifier>
    </Filter>
    <Filter Include="Header Files\graphics">
      <UniqueIdentifier>{2de65cdc-551a-450b-85e8-97ed368c4edf}</UniqueIdentifier>
    </Filter>
    <Filter Include="Header Files\physics">
      <UniqueIdentifier>{e7525ba8-28aa-4e3d-8261-5b16a6782924}</UniqueIdentifier>
    </Filter>
    <Filter Include="Header Files\utils">
      <UniqueIdentifier>{88fa6222-0a3b-4d70-a614-d8f5dd1b88fe}</UniqueIdentifier>
    </Filter>
    <Filter Include="Source Files\utils">
      <UniqueIdentifier>{1e62f66a-d0b9-4053-ac68-6c00c69999c7}</UniqueIdentifier>
    </Filter>
    <Filter Include="Header Files\dsl">
      <UniqueIdentifier>{01133d28-77cd-424f-b4a5-96d8643e6bdc}</UniqueIdentifier>
    </Filter>
    <Filter Include="Header Files\graphics\animation">
      <UniqueIdentifier>{63903f91-1a12-47b0-ad0b-624dff16430f}</UniqueIdentifier>
    </Filter>
    <Filter Include="Header Files\graphics\rendering">
      <UniqueIdentifier>{9f59b01a-9279-4427-a150-2ea344e81007}</UniqueIdentifier>
    </Filter>
    <Filter Include="Header Files\graphics\recording">
      <UniqueIdentifier>{e3127972-c0de-496a-a741-7b9c5144ce35}</UniqueIdentifier>
    </Filter>
    <Filter Include="Header Files\graphics\FX">
      <UniqueIdentifier>{b5a55b7f-3a61-444c-bd42-70214d12e779}</UniqueIdentifier>
    </Filter>
    <Filter Include="Header Files\graphics\rendering\GL">
      <UniqueIdentifier>{ac9160b0-1906-42ec-bd84-bc4703f6f5f1}</UniqueIdentifier>
    </Filter>
    <Filter Include="Header Files\graphics\rendering\object">
      <UniqueIdentifier>{870090ec-3beb-4365-a234-903eb5646d19}</UniqueIdentifier>
    </Filter>
    <Filter Include="Header Files\graphics\rendering\scene">
      <UniqueIdentifier>{ce434758-ad78-4379-8fcf-45bf2fdad58b}</UniqueIdentifier>
    </Filter>
    <Filter Include="Header Files\graphics\rendering\shader">
      <UniqueIdentifier>{03a527eb-8c63-475b-882c-e46627f203e8}</UniqueIdentifier>
    </Filter>
    <Filter Include="Header Files\graphics\events">
      <UniqueIdentifier>{f125a48a-0568-4b44-9b9e-d851d51ee8f2}</UniqueIdentifier>
    </Filter>
    <Filter Include="Source Files\graphics\rendering\FX">
      <UniqueIdentifier>{38c8c23b-1f26-4043-aafc-cb7cedc43045}</UniqueIdentifier>
    </Filter>
    <Filter Include="Resource Files\shaders\attractor">
      <UniqueIdentifier>{fdef4776-07af-4930-8308-081bdb986a34}</UniqueIdentifier>
    </Filter>
    <Filter Include="Header Files\maths">
      <UniqueIdentifier>{9977fb7a-58ba-4254-a456-9bcf47d8c56a}</UniqueIdentifier>
    </Filter>
    <Filter Include="Header Files\maths\geometry">
      <UniqueIdentifier>{9f877723-f0f5-4699-97c5-c9d4e3c8f368}</UniqueIdentifier>
    </Filter>
    <Filter Include="Source Files\maths">
      <UniqueIdentifier>{09ea529e-3e22-41f4-800a-b704f49b9851}</UniqueIdentifier>
    </Filter>
    <Filter Include="Source Files\maths\geometry">
      <UniqueIdentifier>{d6e27fb7-2278-4599-9307-513f760376f4}</UniqueIdentifier>
    </Filter>
  </ItemGroup>
  <ItemGroup>
    <ClCompile Include="main.cpp">
      <Filter>Source Files</Filter>
    </ClCompile>
    <ClCompile Include="Camera.cpp">
      <Filter>Source Files\graphics\rendering\object</Filter>
    </ClCompile>
    <ClCompile Include="EBO.cpp">
      <Filter>Source Files\graphics\rendering\GL</Filter>
    </ClCompile>
    <ClCompile Include="Mesh.cpp">
      <Filter>Source Files\graphics\rendering\object</Filter>
    </ClCompile>
    <ClCompile Include="Scene.cpp">
      <Filter>Source Files\graphics\rendering\scene</Filter>
    </ClCompile>
    <ClCompile Include="ShaderClass.cpp">
      <Filter>Source Files\graphics\rendering\shader</Filter>
    </ClCompile>
    <ClCompile Include="stb.cpp">
      <Filter>Source Files\utils</Filter>
    </ClCompile>
    <ClCompile Include="Texture.cpp">
      <Filter>Source Files\graphics\rendering\GL</Filter>
    </ClCompile>
    <ClCompile Include="VAO.cpp">
      <Filter>Source Files\graphics\rendering\GL</Filter>
    </ClCompile>
    <ClCompile Include="Node.cpp">
      <Filter>Source Files\graphics\rendering\object</Filter>
    </ClCompile>
    <ClCompile Include="glad.c">
      <Filter>Source Files</Filter>
    </ClCompile>
    <ClCompile Include="BaseEffect.cpp">
      <Filter>Source Files\graphics\rendering\FX</Filter>
    </ClCompile>
    <ClCompile Include="Renderable.cpp">
      <Filter>Source Files\graphics\rendering\object</Filter>
    </ClCompile>
    <ClCompile Include="Attribute.cpp">
      <Filter>Source Files\graphics\rendering\GL</Filter>
    </ClCompile>
    <ClCompile Include="Viewer.cpp">
      <Filter>Source Files\graphics\rendering\scene</Filter>
    </ClCompile>
    <ClCompile Include="DynamicSystem.cpp">
      <Filter>Source Files\physics</Filter>
    </ClCompile>
    <ClCompile Include="Solid.cpp">
      <Filter>Source Files\physics</Filter>
    </ClCompile>
    <ClCompile Include="particle_test.cpp">
      <Filter>Source Files</Filter>
    </ClCompile>
    <ClCompile Include="GJK.cpp">
      <Filter>Source Files\physics</Filter>
    </ClCompile>
    <ClCompile Include="Polytope.cpp">
      <Filter>Source Files\maths\geometry</Filter>
    </ClCompile>
  </ItemGroup>
  <ItemGroup>
    <Image Include="planksSpec.png">
      <Filter>Resource Files\textures</Filter>
    </Image>
    <Image Include="pop_cat.png">
      <Filter>Resource Files\textures</Filter>
    </Image>
    <Image Include="brick.png">
      <Filter>Resource Files\textures</Filter>
    </Image>
  </ItemGroup>
  <ItemGroup>
    <None Include="default.frag">
      <Filter>Resource Files\shaders</Filter>
    </None>
    <None Include="default.vert">
      <Filter>Resource Files\shaders</Filter>
    </None>
    <None Include="light.frag">
      <Filter>Resource Files\shaders</Filter>
    </None>
    <None Include="light.vert">
      <Filter>Resource Files\shaders</Filter>
    </None>
    <None Include="particle.comp">
      <Filter>Resource Files\shaders</Filter>
    </None>
    <None Include="particle.vert">
      <Filter>Resource Files\shaders</Filter>
    </None>
    <None Include="particle.frag">
      <Filter>Resource Files\shaders</Filter>
    </None>
    <None Include="lorenz.comp">
      <Filter>Resource Files\shaders\attractor</Filter>
    </None>
    <None Include="orbiting.comp">
      <Filter>Resource Files\shaders\attractor</Filter>
    </None>
    <None Include="sprott.comp">
      <Filter>Resource Files\shaders\attractor</Filter>
    </None>
    <None Include="three_scroll.comp">
      <Filter>Resource Files\shaders\attractor</Filter>
    </None>
    <None Include="thomas.comp">
      <Filter>Resource Files\shaders\attractor</Filter>
    </None>
    <None Include="lorenz2.comp">
      <Filter>Resource Files\shaders\attractor</Filter>
    </None>
  </ItemGroup>
  <ItemGroup>
    <ClInclude Include="Camera.h">
      <Filter>Header Files\graphics\rendering\object</Filter>
    </ClInclude>
    <ClInclude Include="EBO.h">
      <Filter>Header Files\graphics\rendering\GL</Filter>
    </ClInclude>
    <ClInclude Include="GLObject.h">
      <Filter>Header Files\graphics\rendering\GL</Filter>
    </ClInclude>
    <ClInclude Include="VAO.h">
      <Filter>Header Files\graphics\rendering\GL</Filter>
    </ClInclude>
    <ClInclude Include="Texture.h">
      <Filter>Header Files\graphics\rendering\GL</Filter>
    </ClInclude>
    <ClInclude Include="Mesh.h">
      <Filter>Header Files\graphics\rendering\object</Filter>
    </ClInclude>
    <ClInclude Include="Light.h">
      <Filter>Header Files\graphics\rendering\object</Filter>
    </ClInclude>
    <ClInclude Include="ShaderClass.h">
      <Filter>Header Files\graphics\rendering\shader</Filter>
    </ClInclude>
    <ClInclude Include="Scene.h">
      <Filter>Header Files\graphics\rendering\scene</Filter>
    </ClInclude>
    <ClInclude Include="Vertex.h">
      <Filter>Header Files\graphics\rendering\GL</Filter>
    </ClInclude>
    <ClInclude Include="Property.h">
      <Filter>Header Files\utils</Filter>
    </ClInclude>
    <ClInclude Include="BaseEffect.h">
      <Filter>Header Files\graphics\FX</Filter>
    </ClInclude>
    <ClInclude Include="Node.h">
      <Filter>Header Files\graphics\rendering\object</Filter>
    </ClInclude>
    <ClInclude Include="Renderable.h">
      <Filter>Header Files\graphics\rendering\object</Filter>
    </ClInclude>
    <ClInclude Include="Attribute.h">
      <Filter>Header Files\graphics\rendering\GL</Filter>
    </ClInclude>
    <ClInclude Include="Buffer.h">
      <Filter>Header Files\graphics\rendering\GL</Filter>
    </ClInclude>
    <ClInclude Include="Viewer.h">
      <Filter>Header Files\graphics\rendering\scene</Filter>
    </ClInclude>
    <ClInclude Include="DynamicSystem.h">
      <Filter>Header Files\physics</Filter>
    </ClInclude>
    <ClInclude Include="Solid.h">
      <Filter>Header Files\physics</Filter>
    </ClInclude>
    <ClInclude Include="GJK.h">
      <Filter>Header Files\physics</Filter>
    </ClInclude>
    <ClInclude Include="Point.h">
      <Filter>Header Files\maths\geometry</Filter>
    </ClInclude>
    <ClInclude Include="Polytope.h">
      <Filter>Header Files\maths\geometry</Filter>
    </ClInclude>
  </ItemGroup>
</Project>